
Microsoft Visual Studio Solution File, Format Version 12.00
Project("{FAE04EC0-301F-11D3-BF4B-00C04F79EFBC}") = "Piadas", "Piadas.csproj", "{AB5AC730-F029-4719-8438-71C644CC83EA}"
EndProject
Global
	GlobalSection(SolutionConfigurationPlatforms) = preSolution
		Debug|Any CPU = Debug|Any CPU
		Release|Any CPU = Release|Any CPU
	EndGlobalSection
	GlobalSection(ProjectConfigurationPlatforms) = postSolution
		{AB5AC730-F029-4719-8438-71C644CC83EA}.Debug|Any CPU.ActiveCfg = Debug|Any CPU
		{AB5AC730-F029-4719-8438-71C644CC83EA}.Debug|Any CPU.Build.0 = Debug|Any CPU
		{AB5AC730-F029-4719-8438-71C644CC83EA}.Release|Any CPU.ActiveCfg = Release|Any CPU
		{AB5AC730-F029-4719-8438-71C644CC83EA}.Release|Any CPU.Build.0 = Release|Any CPU
	EndGlobalSection
EndGlobal
